
Microsoft Visual Studio Solution File, Format Version 12.00
# Visual Studio Version 16
VisualStudioVersion = 25.0.1706.1
MinimumVisualStudioVersion = 10.0.40219.1
Project("{FAE04EC0-301F-11D3-BF4B-00C04F79EFBC}") = "RunTracker", "RunTracker\RunTracker.csproj", "{73D814DD-C83C-4285-9329-9BEF8E01E0CA}"
EndProject
Global
	GlobalSection(SolutionConfigurationPlatforms) = preSolution
		Debug|Any CPU = Debug|Any CPU
		Release|Any CPU = Release|Any CPU
	EndGlobalSection
	GlobalSection(ProjectConfigurationPlatforms) = postSolution
		{73D814DD-C83C-4285-9329-9BEF8E01E0CA}.Debug|Any CPU.ActiveCfg = Debug|Any CPU
		{73D814DD-C83C-4285-9329-9BEF8E01E0CA}.Debug|Any CPU.Build.0 = Debug|Any CPU
		{73D814DD-C83C-4285-9329-9BEF8E01E0CA}.Release|Any CPU.ActiveCfg = Release|Any CPU
		{73D814DD-C83C-4285-9329-9BEF8E01E0CA}.Release|Any CPU.Build.0 = Release|Any CPU
	EndGlobalSection
	GlobalSection(SolutionProperties) = preSolution
		HideSolutionNode = FALSE
	EndGlobalSection
	GlobalSection(ExtensibilityGlobals) = postSolution
		SolutionGuid = {7FFF4DBF-13E6-4DF7-A160-73BB0BB75A46}
	EndGlobalSection
EndGlobal
